
Microsoft Visual Studio Solution File, Format Version 12.00
# Visual Studio 15
VisualStudioVersion = 15.0.27130.2036
MinimumVisualStudioVersion = 10.0.40219.1
Project("{FAE04EC0-301F-11D3-BF4B-00C04F79EFBC}") = "Github trial", "Github trial\Github trial.csproj", "{73BD5F42-F590-412C-AE30-EB17219B8ED3}"
EndProject
Global
	GlobalSection(SolutionConfigurationPlatforms) = preSolution
		Debug|Any CPU = Debug|Any CPU
		Release|Any CPU = Release|Any CPU
	EndGlobalSection
	GlobalSection(ProjectConfigurationPlatforms) = postSolution
		{73BD5F42-F590-412C-AE30-EB17219B8ED3}.Debug|Any CPU.ActiveCfg = Debug|Any CPU
		{73BD5F42-F590-412C-AE30-EB17219B8ED3}.Debug|Any CPU.Build.0 = Debug|Any CPU
		{73BD5F42-F590-412C-AE30-EB17219B8ED3}.Release|Any CPU.ActiveCfg = Release|Any CPU
		{73BD5F42-F590-412C-AE30-EB17219B8ED3}.Release|Any CPU.Build.0 = Release|Any CPU
	EndGlobalSection
	GlobalSection(SolutionProperties) = preSolution
		HideSolutionNode = FALSE
	EndGlobalSection
	GlobalSection(ExtensibilityGlobals) = postSolution
		SolutionGuid = {02B3AF93-4828-415C-BE84-28DC20ACA901}
	EndGlobalSection
EndGlobal
